
Microsoft Visual Studio Solution File, Format Version 11.00
# Visual Studio 2010
Project("{FAE04EC0-301F-11D3-BF4B-00C04F79EFBC}") = "DemoMVC", "DemoMVC.csproj", "{368CD6A8-9522-447D-B798-9EC65B4048CB}"
EndProject
Global
	GlobalSection(SubversionScc) = preSolution
		Svn-Managed = True
		Manager = AnkhSVN - Subversion Support for Visual Studio
	EndGlobalSection
	GlobalSection(SolutionConfigurationPlatforms) = preSolution
		Debug|Any CPU = Debug|Any CPU
		Release|Any CPU = Release|Any CPU
	EndGlobalSection
	GlobalSection(ProjectConfigurationPlatforms) = postSolution
		{368CD6A8-9522-447D-B798-9EC65B4048CB}.Debug|Any CPU.ActiveCfg = Debug|Any CPU
		{368CD6A8-9522-447D-B798-9EC65B4048CB}.Debug|Any CPU.Build.0 = Debug|Any CPU
		{368CD6A8-9522-447D-B798-9EC65B4048CB}.Release|Any CPU.ActiveCfg = Release|Any CPU
		{368CD6A8-9522-447D-B798-9EC65B4048CB}.Release|Any CPU.Build.0 = Release|Any CPU
	EndGlobalSection
	GlobalSection(SolutionProperties) = preSolution
		HideSolutionNode = FALSE
	EndGlobalSection
EndGlobal
